
Microsoft Visual Studio Solution File, Format Version 12.00
# Visual Studio Version 17
VisualStudioVersion = 17.11.35327.3
MinimumVisualStudioVersion = 10.0.40219.1
Project("{FAE04EC0-301F-11D3-BF4B-00C04F79EFBC}") = "SimulacroYam", "SimulacroYam.csproj", "{953FFDDA-BA42-4BA6-A951-733AE5ED9AC5}"
EndProject
Global
	GlobalSection(SolutionConfigurationPlatforms) = preSolution
		Debug|Any CPU = Debug|Any CPU
		Release|Any CPU = Release|Any CPU
	EndGlobalSection
	GlobalSection(ProjectConfigurationPlatforms) = postSolution
		{953FFDDA-BA42-4BA6-A951-733AE5ED9AC5}.Debug|Any CPU.ActiveCfg = Debug|Any CPU
		{953FFDDA-BA42-4BA6-A951-733AE5ED9AC5}.Debug|Any CPU.Build.0 = Debug|Any CPU
		{953FFDDA-BA42-4BA6-A951-733AE5ED9AC5}.Release|Any CPU.ActiveCfg = Release|Any CPU
		{953FFDDA-BA42-4BA6-A951-733AE5ED9AC5}.Release|Any CPU.Build.0 = Release|Any CPU
	EndGlobalSection
	GlobalSection(SolutionProperties) = preSolution
		HideSolutionNode = FALSE
	EndGlobalSection
	GlobalSection(ExtensibilityGlobals) = postSolution
		SolutionGuid = {B44BAE90-2BBD-47FB-B3C6-06EECAB5D61A}
	EndGlobalSection
EndGlobal
